// !$*UTF8*$!
{
	archiveVersion = 1;
	classes = {
	};
	objectVersion = 46;
	objects = {

/* Begin PBXBuildFile section */
		EABA2FA31D2C528E001BDA5F /* AppDelegate.swift in Sources */ = {isa = PBXBuildFile; fileRef = EABA2FA21D2C528E001BDA5F /* AppDelegate.swift */; };
		EABA2FA51D2C528E001BDA5F /* ViewController.swift in Sources */ = {isa = PBXBuildFile; fileRef = EABA2FA41D2C528E001BDA5F /* ViewController.swift */; };
		EABA2FA81D2C528E001BDA5F /* Main.storyboard in Resources */ = {isa = PBXBuildFile; fileRef = EABA2FA61D2C528E001BDA5F /* Main.storyboard */; };
		EABA2FAA1D2C528E001BDA5F /* Assets.xcassets in Resources */ = {isa = PBXBuildFile; fileRef = EABA2FA91D2C528E001BDA5F /* Assets.xcassets */; };
		EABA2FAD1D2C528E001BDA5F /* LaunchScreen.storyboard in Resources */ = {isa = PBXBuildFile; fileRef = EABA2FAB1D2C528E001BDA5F /* LaunchScreen.storyboard */; };
		EAD71E271D2EFAA300FC8242 /* CalculatorBrain.swift in Sources */ = {isa = PBXBuildFile; fileRef = EAD71E261D2EFAA300FC8242 /* CalculatorBrain.swift */; };
/* End PBXBuildFile section */

/* Begin PBXFileReference section */
		EABA2F9F1D2C528E001BDA5F /* Calculator.app */ = {isa = PBXFileReference; explicitFileType = wrapper.application; includeInIndex = 0; path = Calculator.app; sourceTree = BUILT_PRODUCTS_DIR; };
		EABA2FA21D2C528E001BDA5F /* AppDelegate.swift */ = {isa = PBXFileReference; lastKnownFileType = sourcecode.swift; path = AppDelegate.swift; sourceTree = "<group>"; };
		EABA2FA41D2C528E001BDA5F /* ViewController.swift */ = {isa = PBXFileReference; lastKnownFileType = sourcecode.swift; path = ViewController.swift; sourceTree = "<group>"; };
		EABA2FA71D2C528E001BDA5F /* Base */ = {isa = PBXFileReference; lastKnownFileType = file.storyboard; name = Base; path = Base.lproj/Main.storyboard; sourceTree = "<group>"; };
		EABA2FA91D2C528E001BDA5F /* Assets.xcassets */ = {isa = PBXFileReference; lastKnownFileType = folder.assetcatalog; path = Assets.xcassets; sourceTree = "<group>"; };
		EABA2FAC1D2C528E001BDA5F /* Base */ = {isa = PBXFileReference; lastKnownFileType = file.storyboard; name = Base; path = Base.lproj/LaunchScreen.storyboard; sourceTree = "<group>"; };
		EABA2FAE1D2C528E001BDA5F /* Info.plist */ = {isa = PBXFileReference; lastKnownFileType = text.plist.xml; path = Info.plist; sourceTree = "<group>"; };
		EAD71E261D2EFAA300FC8242 /* CalculatorBrain.swift */ = {isa = PBXFileReference; fileEncoding = 4; lastKnownFileType = sourcecode.swift; path = CalculatorBrain.swift; sourceTree = "<group>"; };
/* End PBXFileReference section */

/* Begin PBXFrameworksBuildPhase section */
		EABA2F9C1D2C528E001BDA5F /* Frameworks */ = {
			isa = PBXFrameworksBuildPhase;
			buildActionMask = 2147483647;
			files = (
			);
			runOnlyForDeploymentPostprocessing = 0;
		};
/* End PBXFrameworksBuildPhase section */

/* Begin PBXGroup section */
		EABA2F961D2C528E001BDA5F = {
			isa = PBXGroup;
			children = (
				EABA2FA11D2C528E001BDA5F /* Calculator */,
				EABA2FA01D2C528E001BDA5F /* Products */,
			);
			sourceTree = "<group>";
		};
		EABA2FA01D2C528E001BDA5F /* Products */ = {
			isa = PBXGroup;
			children = (
				EABA2F9F1D2C528E001BDA5F /* Calculator.app */,
			);
			name = Products;
			sourceTree = "<group>";
		};
		EABA2FA11D2C528E001BDA5F /* Calculator */ = {
			isa = PBXGroup;
			children = (
				EABA2FB41D2C552C001BDA5F /* Supporting files */,
				EABA2FA41D2C528E001BDA5F /* ViewController.swift */,
				EABA2FA61D2C528E001BDA5F /* Main.storyboard */,
				EAD71E261D2EFAA300FC8242 /* CalculatorBrain.swift */,
			);
			path = Calculator;
			sourceTree = "<group>";
		};
		EABA2FB41D2C552C001BDA5F /* Supporting files */ = {
			isa = PBXGroup;
			children = (
				EABA2FA91D2C528E001BDA5F /* Assets.xcassets */,
				EABA2FAB1D2C528E001BDA5F /* LaunchScreen.storyboard */,
				EABA2FAE1D2C528E001BDA5F /* Info.plist */,
				EABA2FA21D2C528E001BDA5F /* AppDelegate.swift */,
			);
			name = "Supporting files";
			sourceTree = "<group>";
		};
/* End PBXGroup section */

/* Begin PBXNativeTarget section */
		EABA2F9E1D2C528E001BDA5F /* Calculator */ = {
			isa = PBXNativeTarget;
			buildConfigurationList = EABA2FB11D2C528E001BDA5F /* Build configuration list for PBXNativeTarget "Calculator" */;
			buildPhases = (
				EABA2F9B1D2C528E001BDA5F /* Sources */,
				EABA2F9C1D2C528E001BDA5F /* Frameworks */,
				EABA2F9D1D2C528E001BDA5F /* Resources */,
			);
			buildRules = (
			);
			dependencies = (
			);
			name = Calculator;
			productName = Calculator;
			productReference = EABA2F9F1D2C528E001BDA5F /* Calculator.app */;
			productType = "com.apple.product-type.application";
		};
/* End PBXNativeTarget section */

/* Begin PBXProject section */
		EABA2F971D2C528E001BDA5F /* Project object */ = {
			isa = PBXProject;
			attributes = {
				LastSwiftUpdateCheck = 0730;
				LastUpgradeCheck = 0800;
				ORGANIZATIONNAME = "Air Productions";
				TargetAttributes = {
					EABA2F9E1D2C528E001BDA5F = {
						CreatedOnToolsVersion = 7.3.1;
						DevelopmentTeam = 8EEFDXBEVN;
						LastSwiftMigration = 0820;
					};
				};
			};
			buildConfigurationList = EABA2F9A1D2C528E001BDA5F /* Build configuration list for PBXProject "Calculator" */;
			compatibilityVersion = "Xcode 3.2";
			developmentRegion = English;
			hasScannedForEncodings = 0;
			knownRegions = (
				en,
				Base,
			);
			mainGroup = EABA2F961D2C528E001BDA5F;
			productRefGroup = EABA2FA01D2C528E001BDA5F /* Products */;
			projectDirPath = "";
			projectRoot = "";
			targets = (
				EABA2F9E1D2C528E001BDA5F /* Calculator */,
			);
		};
/* End PBXProject section */

/* Begin PBXResourcesBuildPhase section */
		EABA2F9D1D2C528E001BDA5F /* Resources */ = {
			isa = PBXResourcesBuildPhase;
			buildActionMask = 2147483647;
			files = (
				EABA2FAD1D2C528E001BDA5F /* LaunchScreen.storyboard in Resources */,
				EABA2FAA1D2C528E001BDA5F /* Assets.xcassets in Resources */,
				EABA2FA81D2C528E001BDA5F /* Main.storyboard in Resources */,
			);
			runOnlyForDeploymentPostprocessing = 0;
		};
/* End PBXResourcesBuildPhase section */

/* Begin PBXSourcesBuildPhase section */
		EABA2F9B1D2C528E001BDA5F /* Sources */ = {
			isa = PBXSourcesBuildPhase;
			buildActionMask = 2147483647;
			files = (
				EAD71E271D2EFAA300FC8242 /* CalculatorBrain.swift in Sources */,
				EABA2FA51D2C528E001BDA5F /* ViewController.swift in Sources */,
				EABA2FA31D2C528E001BDA5F /* AppDelegate.swift in Sources */,
			);
			runOnlyForDeploymentPostprocessing = 0;
		};
/* End PBXSourcesBuildPhase section */

/* Begin PBXVariantGroup section */
		EABA2FA61D2C528E001BDA5F /* Main.storyboard */ = {
			isa = PBXVariantGroup;
			children = (
				EABA2FA71D2C528E001BDA5F /* Base */,
			);
			name = Main.storyboard;
			sourceTree = "<group>";
		};
		EABA2FAB1D2C528E001BDA5F /* LaunchScreen.storyboard */ = {
			isa = PBXVariantGroup;
			children = (
				EABA2FAC1D2C528E001BDA5F /* Base */,
			);
			name = LaunchScreen.storyboard;
			sourceTree = "<group>";
		};
/* End PBXVariantGroup section */

/* Begin XCBuildConfiguration section */
		EABA2FAF1D2C528E001BDA5F /* Debug */ = {
			isa = XCBuildConfiguration;
			buildSettings = {
				ALWAYS_SEARCH_USER_PATHS = NO;
				CLANG_ANALYZER_NONNULL = YES;
				CLANG_CXX_LANGUAGE_STANDARD = "gnu++0x";
				CLANG_CXX_LIBRARY = "libc++";
				CLANG_ENABLE_MODULES = YES;
				CLANG_ENABLE_OBJC_ARC = YES;
				CLANG_WARN_BOOL_CONVERSION = YES;
				CLANG_WARN_CONSTANT_CONVERSION = YES;
				CLANG_WARN_DIRECT_OBJC_ISA_USAGE = YES_ERROR;
				CLANG_WARN_EMPTY_BODY = YES;
				CLANG_WARN_ENUM_CONVERSION = YES;
				CLANG_WARN_INFINITE_RECURSION = YES;
				CLANG_WARN_INT_CONVERSION = YES;
				CLANG_WARN_OBJC_ROOT_CLASS = YES_ERROR;
				CLANG_WARN_SUSPICIOUS_MOVE = YES;
				CLANG_WARN_UNREACHABLE_CODE = YES;
				CLANG_WARN__DUPLICATE_METHOD_MATCH = YES;
				"CODE_SIGN_IDENTITY[sdk=iphoneos*]" = "iPhone Developer";
				COPY_PHASE_STRIP = NO;
				DEBUG_INFORMATION_FORMAT = dwarf;
				ENABLE_STRICT_OBJC_MSGSEND = YES;
				ENABLE_TESTABILITY = YES;
				GCC_C_LANGUAGE_STANDARD = gnu99;
				GCC_DYNAMIC_NO_PIC = NO;
				GCC_NO_COMMON_BLOCKS = YES;
				GCC_OPTIMIZATION_LEVEL = 0;
				GCC_PREPROCESSOR_DEFINITIONS = (
					"DEBUG=1",
					"$(inherited)",
				);
				GCC_WARN_64_TO_32_BIT_CONVERSION = YES;
				GCC_WARN_ABOUT_RETURN_TYPE = YES_ERROR;
				GCC_WARN_UNDECLARED_SELECTOR = YES;
				GCC_WARN_UNINITIALIZED_AUTOS = YES_AGGRESSIVE;
				GCC_WARN_UNUSED_FUNCTION = YES;
				GCC_WARN_UNUSED_VARIABLE = YES;
				IPHONEOS_DEPLOYMENT_TARGET = 9.3;
				MTL_ENABLE_DEBUG_INFO = YES;
				ONLY_ACTIVE_ARCH = YES;
				SDKROOT = iphoneos;
				SWIFT_OPTIMIZATION_LEVEL = "-Onone";
			};
			name = Debug;
		};
		EABA2FB01D2C528E001BDA5F /* Release */ = {
			isa = XCBuildConfiguration;
			buildSettings = {
				ALWAYS_SEARCH_USER_PATHS = NO;
				CLANG_ANALYZER_NONNULL = YES;
				CLANG_CXX_LANGUAGE_STANDARD = "gnu++0x";
				CLANG_CXX_LIBRARY = "libc++";
				CLANG_ENABLE_MODULES = YES;
				CLANG_ENABLE_OBJC_ARC = YES;
				CLANG_WARN_BOOL_CONVERSION = YES;
				CLANG_WARN_CONSTANT_CONVERSION = YES;
				CLANG_WARN_DIRECT_OBJC_ISA_USAGE = YES_ERROR;
				CLANG_WARN_EMPTY_BODY = YES;
				CLANG_WARN_ENUM_CONVERSION = YES;
				CLANG_WARN_INFINITE_RECURSION = YES;
				CLANG_WARN_INT_CONVERSION = YES;
				CLANG_WARN_OBJC_ROOT_CLASS = YES_ERROR;
				CLANG_WARN_SUSPICIOUS_MOVE = YES;
				CLANG_WARN_UNREACHABLE_CODE = YES;
				CLANG_WARN__DUPLICATE_METHOD_MATCH = YES;
				"CODE_SIGN_IDENTITY[sdk=iphoneos*]" = "iPhone Developer";
				COPY_PHASE_STRIP = NO;
				DEBUG_INFORMATION_FORMAT = "dwarf-with-dsym";
				ENABLE_NS_ASSERTIONS = NO;
				ENABLE_STRICT_OBJC_MSGSEND = YES;
				GCC_C_LANGUAGE_STANDARD = gnu99;
				GCC_NO_COMMON_BLOCKS = YES;
				GCC_WARN_64_TO_32_BIT_CONVERSION = YES;
				GCC_WARN_ABOUT_RETURN_TYPE = YES_ERROR;
				GCC_WARN_UNDECLARED_SELECTOR = YES;
				GCC_WARN_UNINITIALIZED_AUTOS = YES_AGGRESSIVE;
				GCC_WARN_UNUSED_FUNCTION = YES;
				GCC_WARN_UNUSED_VARIABLE = YES;
				IPHONEOS_DEPLOYMENT_TARGET = 9.3;
				MTL_ENABLE_DEBUG_INFO = NO;
				SDKROOT = iphoneos;
				SWIFT_OPTIMIZATION_LEVEL = "-Owholemodule";
				VALIDATE_PRODUCT = YES;
			};
			name = Release;
		};
		EABA2FB21D2C528E001BDA5F /* Debug */ = {
			isa = XCBuildConfiguration;
			buildSettings = {
				ASSETCATALOG_COMPILER_APPICON_NAME = AppIcon;
				CODE_SIGN_IDENTITY = "iPhone Developer";
				INFOPLIST_FILE = Calculator/Info.plist;
				LD_RUNPATH_SEARCH_PATHS = "$(inherited) @executable_path/Frameworks";
				PRODUCT_BUNDLE_IDENTIFIER = nl.air.Calculator;
				PRODUCT_NAME = "$(TARGET_NAME)";
				SWIFT_VERSION = 3.0;
			};
			name = Debug;
		};
		EABA2FB31D2C528E001BDA5F /* Release */ = {
			isa = XCBuildConfiguration;
			buildSettings = {
				ASSETCATALOG_COMPILER_APPICON_NAME = AppIcon;
				CODE_SIGN_IDENTITY = "iPhone Developer";
				INFOPLIST_FILE = Calculator/Info.plist;
				LD_RUNPATH_SEARCH_PATHS = "$(inherited) @executable_path/Frameworks";
				PRODUCT_BUNDLE_IDENTIFIER = nl.air.Calculator;
				PRODUCT_NAME = "$(TARGET_NAME)";
				SWIFT_VERSION = 3.0;
			};
			name = Release;
		};
/* End XCBuildConfiguration section */

/* Begin XCConfigurationList section */
		EABA2F9A1D2C528E001BDA5F /* Build configuration list for PBXProject "Calculator" */ = {
			isa = XCConfigurationList;
			buildConfigurations = (
				EABA2FAF1D2C528E001BDA5F /* Debug */,
				EABA2FB01D2C528E001BDA5F /* Release */,
			);
			defaultConfigurationIsVisible = 0;
			defaultConfigurationName = Release;
		};
		EABA2FB11D2C528E001BDA5F /* Build configuration list for PBXNativeTarget "Calculator" */ = {
			isa = XCConfigurationList;
			buildConfigurations = (
				EABA2FB21D2C528E001BDA5F /* Debug */,
				EABA2FB31D2C528E001BDA5F /* Release */,
			);
			defaultConfigurationIsVisible = 0;
			defaultConfigurationName = Release;
		};
/* End XCConfigurationList section */
	};
	rootObject = EABA2F971D2C528E001BDA5F /* Project object */;
}
